
Microsoft Visual Studio Solution File, Format Version 12.00
# Visual Studio Version 16
VisualStudioVersion = 16.0.31112.23
MinimumVisualStudioVersion = 10.0.40219.1
Project("{FAE04EC0-301F-11D3-BF4B-00C04F79EFBC}") = "Life-foods-api-csharp", "Life-foods-api-csharp\Life-foods-api-csharp.csproj", "{9ED931BA-83E3-432F-92CF-3C23C355B3E7}"
EndProject
Global
	GlobalSection(SolutionConfigurationPlatforms) = preSolution
		Debug|Any CPU = Debug|Any CPU
		Release|Any CPU = Release|Any CPU
	EndGlobalSection
	GlobalSection(ProjectConfigurationPlatforms) = postSolution
		{9ED931BA-83E3-432F-92CF-3C23C355B3E7}.Debug|Any CPU.ActiveCfg = Debug|Any CPU
		{9ED931BA-83E3-432F-92CF-3C23C355B3E7}.Debug|Any CPU.Build.0 = Debug|Any CPU
		{9ED931BA-83E3-432F-92CF-3C23C355B3E7}.Release|Any CPU.ActiveCfg = Release|Any CPU
		{9ED931BA-83E3-432F-92CF-3C23C355B3E7}.Release|Any CPU.Build.0 = Release|Any CPU
	EndGlobalSection
	GlobalSection(SolutionProperties) = preSolution
		HideSolutionNode = FALSE
	EndGlobalSection
	GlobalSection(ExtensibilityGlobals) = postSolution
		SolutionGuid = {AEF2A52F-5B44-4BA4-82E3-2D96765BCAB8}
	EndGlobalSection
EndGlobal
